
Microsoft Visual Studio Solution File, Format Version 12.00
# Visual Studio Version 16
VisualStudioVersion = 16.0.31025.194
MinimumVisualStudioVersion = 10.0.40219.1
Project("{8BC9CEB8-8B4A-11D0-8D11-00A0C91BC942}") = "Lista", "Lista\lista.vcxproj", "{C469563A-1A2D-4086-9116-656F4193E485}"
EndProject
Global
	GlobalSection(SolutionConfigurationPlatforms) = preSolution
		Debug|x64 = Debug|x64
		Debug|x86 = Debug|x86
		Release|x64 = Release|x64
		Release|x86 = Release|x86
	EndGlobalSection
	GlobalSection(ProjectConfigurationPlatforms) = postSolution
		{C469563A-1A2D-4086-9116-656F4193E485}.Debug|x64.ActiveCfg = Debug|x64
		{C469563A-1A2D-4086-9116-656F4193E485}.Debug|x64.Build.0 = Debug|x64
		{C469563A-1A2D-4086-9116-656F4193E485}.Debug|x86.ActiveCfg = Debug|Win32
		{C469563A-1A2D-4086-9116-656F4193E485}.Debug|x86.Build.0 = Debug|Win32
		{C469563A-1A2D-4086-9116-656F4193E485}.Release|x64.ActiveCfg = Release|x64
		{C469563A-1A2D-4086-9116-656F4193E485}.Release|x64.Build.0 = Release|x64
		{C469563A-1A2D-4086-9116-656F4193E485}.Release|x86.ActiveCfg = Release|Win32
		{C469563A-1A2D-4086-9116-656F4193E485}.Release|x86.Build.0 = Release|Win32
	EndGlobalSection
	GlobalSection(SolutionProperties) = preSolution
		HideSolutionNode = FALSE
	EndGlobalSection
	GlobalSection(ExtensibilityGlobals) = postSolution
		SolutionGuid = {F8DF74B1-2C44-48A4-9FA1-5B089881BABE}
	EndGlobalSection
EndGlobal
